
Microsoft Visual Studio Solution File, Format Version 12.00
# Visual Studio 15
VisualStudioVersion = 15.0.28307.572
MinimumVisualStudioVersion = 10.0.40219.1
Project("{FAE04EC0-301F-11D3-BF4B-00C04F79EFBC}") = "GodConnectAPI", "GodConnectAPI\GodConnectAPI.csproj", "{C3115D05-2BCE-4880-8672-F96AEA5BFC9B}"
EndProject
Project("{FAE04EC0-301F-11D3-BF4B-00C04F79EFBC}") = "GodConnectAPI.BAL", "GodConnectAPI.BAL\GodConnectAPI.BAL.csproj", "{D32C6C10-C386-460E-96DA-D94CAB5CB096}"
EndProject
Project("{FAE04EC0-301F-11D3-BF4B-00C04F79EFBC}") = "GodConnectAPI.DAL", "GodConnectAPI.DAL\GodConnectAPI.DAL.csproj", "{BE8FAE4E-31AA-42DC-B3E7-659E1F61FADC}"
EndProject
Project("{FAE04EC0-301F-11D3-BF4B-00C04F79EFBC}") = "GoConnectAPI.FrameWork", "GoConnectAPI.FrameWork\GoConnectAPI.FrameWork.csproj", "{5C5A1236-2EAA-4AD8-80D4-1FA3CEEC4EBB}"
EndProject
Global
	GlobalSection(SolutionConfigurationPlatforms) = preSolution
		Debug|Any CPU = Debug|Any CPU
		Release|Any CPU = Release|Any CPU
	EndGlobalSection
	GlobalSection(ProjectConfigurationPlatforms) = postSolution
		{C3115D05-2BCE-4880-8672-F96AEA5BFC9B}.Debug|Any CPU.ActiveCfg = Debug|Any CPU
		{C3115D05-2BCE-4880-8672-F96AEA5BFC9B}.Debug|Any CPU.Build.0 = Debug|Any CPU
		{C3115D05-2BCE-4880-8672-F96AEA5BFC9B}.Release|Any CPU.ActiveCfg = Release|Any CPU
		{C3115D05-2BCE-4880-8672-F96AEA5BFC9B}.Release|Any CPU.Build.0 = Release|Any CPU
		{D32C6C10-C386-460E-96DA-D94CAB5CB096}.Debug|Any CPU.ActiveCfg = Debug|Any CPU
		{D32C6C10-C386-460E-96DA-D94CAB5CB096}.Debug|Any CPU.Build.0 = Debug|Any CPU
		{D32C6C10-C386-460E-96DA-D94CAB5CB096}.Release|Any CPU.ActiveCfg = Release|Any CPU
		{D32C6C10-C386-460E-96DA-D94CAB5CB096}.Release|Any CPU.Build.0 = Release|Any CPU
		{BE8FAE4E-31AA-42DC-B3E7-659E1F61FADC}.Debug|Any CPU.ActiveCfg = Debug|Any CPU
		{BE8FAE4E-31AA-42DC-B3E7-659E1F61FADC}.Debug|Any CPU.Build.0 = Debug|Any CPU
		{BE8FAE4E-31AA-42DC-B3E7-659E1F61FADC}.Release|Any CPU.ActiveCfg = Release|Any CPU
		{BE8FAE4E-31AA-42DC-B3E7-659E1F61FADC}.Release|Any CPU.Build.0 = Release|Any CPU
		{5C5A1236-2EAA-4AD8-80D4-1FA3CEEC4EBB}.Debug|Any CPU.ActiveCfg = Debug|Any CPU
		{5C5A1236-2EAA-4AD8-80D4-1FA3CEEC4EBB}.Debug|Any CPU.Build.0 = Debug|Any CPU
		{5C5A1236-2EAA-4AD8-80D4-1FA3CEEC4EBB}.Release|Any CPU.ActiveCfg = Release|Any CPU
		{5C5A1236-2EAA-4AD8-80D4-1FA3CEEC4EBB}.Release|Any CPU.Build.0 = Release|Any CPU
	EndGlobalSection
	GlobalSection(SolutionProperties) = preSolution
		HideSolutionNode = FALSE
	EndGlobalSection
	GlobalSection(ExtensibilityGlobals) = postSolution
		SolutionGuid = {70090801-5068-4CA0-AEF6-80FB1787ABD6}
	EndGlobalSection
EndGlobal
